
Microsoft Visual Studio Solution File, Format Version 12.00
# Visual Studio Version 17
VisualStudioVersion = 17.11.35208.52
MinimumVisualStudioVersion = 10.0.40219.1
Project("{00D1A9C2-B5F0-4AF3-8072-F6C62B433612}") = "DOP_SQLquery", "DOP_SQLquery\DOP_SQLquery.sqlproj", "{939977D4-87D0-4C60-91FD-F6A7452165DF}"
EndProject
Global
	GlobalSection(SolutionConfigurationPlatforms) = preSolution
		Debug|Any CPU = Debug|Any CPU
		Release|Any CPU = Release|Any CPU
	EndGlobalSection
	GlobalSection(ProjectConfigurationPlatforms) = postSolution
		{939977D4-87D0-4C60-91FD-F6A7452165DF}.Debug|Any CPU.ActiveCfg = Debug|Any CPU
		{939977D4-87D0-4C60-91FD-F6A7452165DF}.Debug|Any CPU.Build.0 = Debug|Any CPU
		{939977D4-87D0-4C60-91FD-F6A7452165DF}.Debug|Any CPU.Deploy.0 = Debug|Any CPU
		{939977D4-87D0-4C60-91FD-F6A7452165DF}.Release|Any CPU.ActiveCfg = Release|Any CPU
		{939977D4-87D0-4C60-91FD-F6A7452165DF}.Release|Any CPU.Build.0 = Release|Any CPU
		{939977D4-87D0-4C60-91FD-F6A7452165DF}.Release|Any CPU.Deploy.0 = Release|Any CPU
	EndGlobalSection
	GlobalSection(SolutionProperties) = preSolution
		HideSolutionNode = FALSE
	EndGlobalSection
	GlobalSection(ExtensibilityGlobals) = postSolution
		SolutionGuid = {AEC6AB07-9603-4B88-8421-F0AC258C84E8}
	EndGlobalSection
EndGlobal
